PODS:
  - Alamofire (4.3.0)
  - AlamofireObjectMapper (4.0.2):
    - Alamofire (~> 4.1)
    - ObjectMapper (~> 2.0)
  - Cuckoo (0.8.3)
  - MGSwipeTableCell (1.5.6)
  - Nimble (6.0.1)
  - ObjectMapper (2.2.3)
  - OHHTTPStubs (5.2.3):
    - OHHTTPStubs/Default (= 5.2.3)
  - OHHTTPStubs/Core (5.2.3)
  - OHHTTPStubs/Default (5.2.3):
    - OHHTTPStubs/Core
    - OHHTTPStubs/JSON
    - OHHTTPStubs/NSURLSession
    - OHHTTPStubs/OHPathHelpers
  - OHHTTPStubs/JSON (5.2.3):
    - OHHTTPStubs/Core
  - OHHTTPStubs/NSURLSession (5.2.3):
    - OHHTTPStubs/Core
  - OHHTTPStubs/OHPathHelpers (5.2.3)
  - OHHTTPStubs/Swift (5.2.3):
    - OHHTTPStubs/Core
  - Quick (1.1.0)
  - SDWebImage (4.0.0):
    - SDWebImage/Core (= 4.0.0)
  - SDWebImage/Core (4.0.0)
  - SwiftyJSON (3.1.4)

DEPENDENCIES:
  - Alamofire (~> 4.3)
  - AlamofireObjectMapper (~> 4.0)
  - Cuckoo
  - MGSwipeTableCell
  - Nimble
  - OHHTTPStubs
  - OHHTTPStubs/Swift
  - Quick
  - SDWebImage (~> 4.0.0)
  - SwiftyJSON

SPEC CHECKSUMS:
  Alamofire: 856a113053a7bc9cbe5d6367a555d773fc5cfef7
  AlamofireObjectMapper: 94923a4320bbe52c1d0d462093277a9d6a755a78
  Cuckoo: 2daf5d23383c0a24cd60b73287a5813af4793add
  MGSwipeTableCell: 616700eb0ffd1c611ba909066cb7fd739790a0a7
  Nimble: 1527fd1bd2b4cf0636251a36bc8ab37e81da8347
  ObjectMapper: d3b3de11267f5d971f390eb8d63dd509116a4329
  OHHTTPStubs: e238cd5b66d8efa51c861db45895de8fe079f4a7
  Quick: dafc587e21eed9f4cab3249b9f9015b0b7a7f71d
  SDWebImage: 76a6348bdc74eb5a55dd08a091ef298e56b55e41
  SwiftyJSON: c2842d878f95482ffceec5709abc3d05680c0220

PODFILE CHECKSUM: ca85f6297be7f208e8e3af3d36254dc1e07b06be

COCOAPODS: 1.2.0
