// !$*UTF8*$!
{
	archiveVersion = 1;
	classes = {
	};
	objectVersion = 46;
	objects = {

/* Begin PBXBuildFile section */
		1675B2781E5C81C70049A719 /* MGSwipeTableCell.framework in Frameworks */ = {isa = PBXBuildFile; fileRef = 1675B2771E5C81C70049A719 /* MGSwipeTableCell.framework */; };
		16E84A721E55A959002B4245 /* FeedbackView.swift in Sources */ = {isa = PBXBuildFile; fileRef = 16E84A711E55A959002B4245 /* FeedbackView.swift */; };
		16E84A751E55A959002B4245 /* Main.storyboard in Resources */ = {isa = PBXBuildFile; fileRef = 16E84A731E55A959002B4245 /* Main.storyboard */; };
		16E84A771E55A959002B4245 /* Assets.xcassets in Resources */ = {isa = PBXBuildFile; fileRef = 16E84A761E55A959002B4245 /* Assets.xcassets */; };
		16E84A7A1E55A959002B4245 /* LaunchScreen.storyboard in Resources */ = {isa = PBXBuildFile; fileRef = 16E84A781E55A959002B4245 /* LaunchScreen.storyboard */; };
		16E84A901E55A959002B4245 /* FeedbackUITests.swift in Sources */ = {isa = PBXBuildFile; fileRef = 16E84A8F1E55A959002B4245 /* FeedbackUITests.swift */; };
		34B8583DC8DD89FF043BF124 /* Pods_FeedbackTests.framework in Frameworks */ = {isa = PBXBuildFile; fileRef = B3587EB057F8677CEEE0700A /* Pods_FeedbackTests.framework */; };
		45B7D8A21E5DA9FA00E42170 /* AllFeedbackView.swift in Sources */ = {isa = PBXBuildFile; fileRef = 45B7D8A11E5DA9FA00E42170 /* AllFeedbackView.swift */; };
		45D34EFC1E5AEE9300E3D762 /* splash.png in Resources */ = {isa = PBXBuildFile; fileRef = 45D34EFB1E5AEE9300E3D762 /* splash.png */; };
		4CCA64521E66CB9C0011C8BC /* BaseTest.swift in Sources */ = {isa = PBXBuildFile; fileRef = 4CCA64511E66CB9C0011C8BC /* BaseTest.swift */; };
		4CCA64561E66D4510011C8BC /* FeedbackPage.swift in Sources */ = {isa = PBXBuildFile; fileRef = 4CCA64551E66D4510011C8BC /* FeedbackPage.swift */; };
		4CCA64581E66E17D0011C8BC /* TestUtils.swift in Sources */ = {isa = PBXBuildFile; fileRef = 4CCA64571E66E17D0011C8BC /* TestUtils.swift */; };
		4CCA645B1E66F92B0011C8BC /* MonkeyTests.swift in Sources */ = {isa = PBXBuildFile; fileRef = 4CCA645A1E66F92B0011C8BC /* MonkeyTests.swift */; };
		4CCA645D1E6722EB0011C8BC /* BasePage.swift in Sources */ = {isa = PBXBuildFile; fileRef = 4CCA645C1E6722EB0011C8BC /* BasePage.swift */; };
		5B0A036B1E66CF0100B429EA /* GeneratedMocks.swift in Sources */ = {isa = PBXBuildFile; fileRef = 5B0A036A1E66CF0100B429EA /* GeneratedMocks.swift */; };
		5B0A036E1E67416400B429EA /* CaptureFeedbackViewController.swift in Sources */ = {isa = PBXBuildFile; fileRef = 5B0A036D1E67416400B429EA /* CaptureFeedbackViewController.swift */; };
		5B5279021E5D7DDD001CB322 /* FeedbackViewModel.swift in Sources */ = {isa = PBXBuildFile; fileRef = 5B5279011E5D7DDD001CB322 /* FeedbackViewModel.swift */; };
		5B5279041E5D8155001CB322 /* AppDelegate.swift in Sources */ = {isa = PBXBuildFile; fileRef = 5B5279031E5D8155001CB322 /* AppDelegate.swift */; };
		5B5279061E5EB8DC001CB322 /* feedback.jpeg in Resources */ = {isa = PBXBuildFile; fileRef = 5B5279051E5EB8DC001CB322 /* feedback.jpeg */; };
		5BB5859D1E5C299000C0404B /* ItemCellView.swift in Sources */ = {isa = PBXBuildFile; fileRef = 5BB5859C1E5C299000C0404B /* ItemCellView.swift */; };
		7BA5FA351E5DA621002E52E1 /* FeedbackViewModelTest.swift in Sources */ = {isa = PBXBuildFile; fileRef = 7BA5FA341E5DA621002E52E1 /* FeedbackViewModelTest.swift */; };
		7BC17AB41E5C462D00804961 /* ItemModel.swift in Sources */ = {isa = PBXBuildFile; fileRef = 7BC17AB31E5C462D00804961 /* ItemModel.swift */; };
		7BC17AB61E5D551100804961 /* ItemModelTest.swift in Sources */ = {isa = PBXBuildFile; fileRef = 7BC17AB51E5D551100804961 /* ItemModelTest.swift */; };
		7BF550AB1E571AD300E8AB63 /* FeedbackViewTests.swift in Sources */ = {isa = PBXBuildFile; fileRef = 7BF550AA1E571AD300E8AB63 /* FeedbackViewTests.swift */; };
		D8BBF619B2B7EC04D0CEE32E /* Pods_Feedback.framework in Frameworks */ = {isa = PBXBuildFile; fileRef = BD774F236DC3731CD3E98C8D /* Pods_Feedback.framework */; };
		EAFE93FB93D9DCECEC3C14DF /* Pods_FeedbackUITests.framework in Frameworks */ = {isa = PBXBuildFile; fileRef = A2F11E41DA53ABCEFCD63849 /* Pods_FeedbackUITests.framework */; };
/* End PBXBuildFile section */

/* Begin PBXContainerItemProxy section */
		16E84A811E55A959002B4245 /* PBXContainerItemProxy */ = {
			isa = PBXContainerItemProxy;
			containerPortal = 16E84A641E55A959002B4245 /* Project object */;
			proxyType = 1;
			remoteGlobalIDString = 16E84A6B1E55A959002B4245;
			remoteInfo = Feedback;
		};
		16E84A8C1E55A959002B4245 /* PBXContainerItemProxy */ = {
			isa = PBXContainerItemProxy;
			containerPortal = 16E84A641E55A959002B4245 /* Project object */;
			proxyType = 1;
			remoteGlobalIDString = 16E84A6B1E55A959002B4245;
			remoteInfo = Feedback;
		};
/* End PBXContainerItemProxy section */

/* Begin PBXFileReference section */
		0412395612C50240083B821E /* Pods-Feedback.debug.xcconfig */ = {isa = PBXFileReference; includeInIndex = 1; lastKnownFileType = text.xcconfig; name = "Pods-Feedback.debug.xcconfig"; path = "Pods/Target Support Files/Pods-Feedback/Pods-Feedback.debug.xcconfig"; sourceTree = "<group>"; };
		1675B2741E5C80290049A719 /* Feedback-Bridging-Header.h */ = {isa = PBXFileReference; lastKnownFileType = sourcecode.c.h; path = "Feedback-Bridging-Header.h"; sourceTree = "<group>"; };
		1675B2771E5C81C70049A719 /* MGSwipeTableCell.framework */ = {isa = PBXFileReference; lastKnownFileType = wrapper.framework; name = MGSwipeTableCell.framework; path = "../../../Library/Developer/Xcode/DerivedData/Feedback-ahtqxgyntscqqufnrhouzbbpgkxo/Build/Products/Debug-iphonesimulator/MGSwipeTableCell/MGSwipeTableCell.framework"; sourceTree = "<group>"; };
		16E84A6C1E55A959002B4245 /* Feedback.app */ = {isa = PBXFileReference; explicitFileType = wrapper.application; includeInIndex = 0; path = Feedback.app; sourceTree = BUILT_PRODUCTS_DIR; };
		16E84A711E55A959002B4245 /* FeedbackView.swift */ = {isa = PBXFileReference; lastKnownFileType = sourcecode.swift; path = FeedbackView.swift; sourceTree = "<group>"; };
		16E84A741E55A959002B4245 /* Base */ = {isa = PBXFileReference; lastKnownFileType = file.storyboard; name = Base; path = Base.lproj/Main.storyboard; sourceTree = "<group>"; };
		16E84A761E55A959002B4245 /* Assets.xcassets */ = {isa = PBXFileReference; lastKnownFileType = folder.assetcatalog; path = Assets.xcassets; sourceTree = "<group>"; };
		16E84A791E55A959002B4245 /* Base */ = {isa = PBXFileReference; lastKnownFileType = file.storyboard; name = Base; path = Base.lproj/LaunchScreen.storyboard; sourceTree = "<group>"; };
		16E84A7B1E55A959002B4245 /* Info.plist */ = {isa = PBXFileReference; lastKnownFileType = text.plist.xml; path = Info.plist; sourceTree = "<group>"; };
		16E84A801E55A959002B4245 /* FeedbackTests.xctest */ = {isa = PBXFileReference; explicitFileType = wrapper.cfbundle; includeInIndex = 0; path = FeedbackTests.xctest; sourceTree = BUILT_PRODUCTS_DIR; };
		16E84A861E55A959002B4245 /* Info.plist */ = {isa = PBXFileReference; lastKnownFileType = text.plist.xml; path = Info.plist; sourceTree = "<group>"; };
		16E84A8B1E55A959002B4245 /* FeedbackUITests.xctest */ = {isa = PBXFileReference; explicitFileType = wrapper.cfbundle; includeInIndex = 0; path = FeedbackUITests.xctest; sourceTree = BUILT_PRODUCTS_DIR; };
		16E84A8F1E55A959002B4245 /* FeedbackUITests.swift */ = {isa = PBXFileReference; lastKnownFileType = sourcecode.swift; path = FeedbackUITests.swift; sourceTree = "<group>"; };
		16E84A911E55A959002B4245 /* Info.plist */ = {isa = PBXFileReference; lastKnownFileType = text.plist.xml; path = Info.plist; sourceTree = "<group>"; };
		45B7D8A11E5DA9FA00E42170 /* AllFeedbackView.swift */ = {isa = PBXFileReference; fileEncoding = 4; lastKnownFileType = sourcecode.swift; path = AllFeedbackView.swift; sourceTree = "<group>"; };
		45D34EFB1E5AEE9300E3D762 /* splash.png */ = {isa = PBXFileReference; lastKnownFileType = image.png; path = splash.png; sourceTree = "<group>"; };
		4CCA64511E66CB9C0011C8BC /* BaseTest.swift */ = {isa = PBXFileReference; fileEncoding = 4; lastKnownFileType = sourcecode.swift; path = BaseTest.swift; sourceTree = "<group>"; };
		4CCA64551E66D4510011C8BC /* FeedbackPage.swift */ = {isa = PBXFileReference; fileEncoding = 4; lastKnownFileType = sourcecode.swift; path = FeedbackPage.swift; sourceTree = "<group>"; };
		4CCA64571E66E17D0011C8BC /* TestUtils.swift */ = {isa = PBXFileReference; fileEncoding = 4; lastKnownFileType = sourcecode.swift; path = TestUtils.swift; sourceTree = "<group>"; };
		4CCA645A1E66F92B0011C8BC /* MonkeyTests.swift */ = {isa = PBXFileReference; fileEncoding = 4; lastKnownFileType = sourcecode.swift; path = MonkeyTests.swift; sourceTree = "<group>"; };
		4CCA645C1E6722EB0011C8BC /* BasePage.swift */ = {isa = PBXFileReference; fileEncoding = 4; lastKnownFileType = sourcecode.swift; path = BasePage.swift; sourceTree = "<group>"; };
		5B0A036A1E66CF0100B429EA /* GeneratedMocks.swift */ = {isa = PBXFileReference; fileEncoding = 4; lastKnownFileType = sourcecode.swift; name = GeneratedMocks.swift; path = Tests/GeneratedMocks.swift; sourceTree = SOURCE_ROOT; };
		5B0A036D1E67416400B429EA /* CaptureFeedbackViewController.swift */ = {isa = PBXFileReference; fileEncoding = 4; lastKnownFileType = sourcecode.swift; path = CaptureFeedbackViewController.swift; sourceTree = "<group>"; };
		5B5279011E5D7DDD001CB322 /* FeedbackViewModel.swift */ = {isa = PBXFileReference; fileEncoding = 4; lastKnownFileType = sourcecode.swift; path = FeedbackViewModel.swift; sourceTree = "<group>"; };
		5B5279031E5D8155001CB322 /* AppDelegate.swift */ = {isa = PBXFileReference; fileEncoding = 4; lastKnownFileType = sourcecode.swift; path = AppDelegate.swift; sourceTree = "<group>"; };
		5B5279051E5EB8DC001CB322 /* feedback.jpeg */ = {isa = PBXFileReference; lastKnownFileType = image.jpeg; path = feedback.jpeg; sourceTree = "<group>"; };
		5BB5859C1E5C299000C0404B /* ItemCellView.swift */ = {isa = PBXFileReference; fileEncoding = 4; lastKnownFileType = sourcecode.swift; path = ItemCellView.swift; sourceTree = "<group>"; };
		6F9ED2F1A24CC826157FD5FF /* Pods-FeedbackUITests.release.xcconfig */ = {isa = PBXFileReference; includeInIndex = 1; lastKnownFileType = text.xcconfig; name = "Pods-FeedbackUITests.release.xcconfig"; path = "Pods/Target Support Files/Pods-FeedbackUITests/Pods-FeedbackUITests.release.xcconfig"; sourceTree = "<group>"; };
		7BA5FA341E5DA621002E52E1 /* FeedbackViewModelTest.swift */ = {isa = PBXFileReference; fileEncoding = 4; lastKnownFileType = sourcecode.swift; path = FeedbackViewModelTest.swift; sourceTree = "<group>"; };
		7BC17AB31E5C462D00804961 /* ItemModel.swift */ = {isa = PBXFileReference; fileEncoding = 4; lastKnownFileType = sourcecode.swift; path = ItemModel.swift; sourceTree = "<group>"; };
		7BC17AB51E5D551100804961 /* ItemModelTest.swift */ = {isa = PBXFileReference; fileEncoding = 4; lastKnownFileType = sourcecode.swift; path = ItemModelTest.swift; sourceTree = "<group>"; };
		7BF550AA1E571AD300E8AB63 /* FeedbackViewTests.swift */ = {isa = PBXFileReference; fileEncoding = 4; lastKnownFileType = sourcecode.swift; path = FeedbackViewTests.swift; sourceTree = "<group>"; };
		A2F11E41DA53ABCEFCD63849 /* Pods_FeedbackUITests.framework */ = {isa = PBXFileReference; explicitFileType = wrapper.framework; includeInIndex = 0; path = Pods_FeedbackUITests.framework; sourceTree = BUILT_PRODUCTS_DIR; };
		B3587EB057F8677CEEE0700A /* Pods_FeedbackTests.framework */ = {isa = PBXFileReference; explicitFileType = wrapper.framework; includeInIndex = 0; path = Pods_FeedbackTests.framework; sourceTree = BUILT_PRODUCTS_DIR; };
		BD774F236DC3731CD3E98C8D /* Pods_Feedback.framework */ = {isa = PBXFileReference; explicitFileType = wrapper.framework; includeInIndex = 0; path = Pods_Feedback.framework; sourceTree = BUILT_PRODUCTS_DIR; };
		CFE83B12C277316211C36723 /* Pods-FeedbackUITests.debug.xcconfig */ = {isa = PBXFileReference; includeInIndex = 1; lastKnownFileType = text.xcconfig; name = "Pods-FeedbackUITests.debug.xcconfig"; path = "Pods/Target Support Files/Pods-FeedbackUITests/Pods-FeedbackUITests.debug.xcconfig"; sourceTree = "<group>"; };
		D01C1F3E3AD25BA4DECC6D6D /* Pods-Feedback.release.xcconfig */ = {isa = PBXFileReference; includeInIndex = 1; lastKnownFileType = text.xcconfig; name = "Pods-Feedback.release.xcconfig"; path = "Pods/Target Support Files/Pods-Feedback/Pods-Feedback.release.xcconfig"; sourceTree = "<group>"; };
		ED16DA9244163D0CEAD3840D /* Pods-FeedbackTests.release.xcconfig */ = {isa = PBXFileReference; includeInIndex = 1; lastKnownFileType = text.xcconfig; name = "Pods-FeedbackTests.release.xcconfig"; path = "Pods/Target Support Files/Pods-FeedbackTests/Pods-FeedbackTests.release.xcconfig"; sourceTree = "<group>"; };
		EF102FF3125794889ED2B470 /* Pods-FeedbackTests.debug.xcconfig */ = {isa = PBXFileReference; includeInIndex = 1; lastKnownFileType = text.xcconfig; name = "Pods-FeedbackTests.debug.xcconfig"; path = "Pods/Target Support Files/Pods-FeedbackTests/Pods-FeedbackTests.debug.xcconfig"; sourceTree = "<group>"; };
/* End PBXFileReference section */

/* Begin PBXFrameworksBuildPhase section */
		16E84A691E55A959002B4245 /* Frameworks */ = {
			isa = PBXFrameworksBuildPhase;
			buildActionMask = 2147483647;
			files = (
				1675B2781E5C81C70049A719 /* MGSwipeTableCell.framework in Frameworks */,
				D8BBF619B2B7EC04D0CEE32E /* Pods_Feedback.framework in Frameworks */,
			);
			runOnlyForDeploymentPostprocessing = 0;
		};
		16E84A7D1E55A959002B4245 /* Frameworks */ = {
			isa = PBXFrameworksBuildPhase;
			buildActionMask = 2147483647;
			files = (
				34B8583DC8DD89FF043BF124 /* Pods_FeedbackTests.framework in Frameworks */,
			);
			runOnlyForDeploymentPostprocessing = 0;
		};
		16E84A881E55A959002B4245 /* Frameworks */ = {
			isa = PBXFrameworksBuildPhase;
			buildActionMask = 2147483647;
			files = (
				EAFE93FB93D9DCECEC3C14DF /* Pods_FeedbackUITests.framework in Frameworks */,
			);
			runOnlyForDeploymentPostprocessing = 0;
		};
/* End PBXFrameworksBuildPhase section */

/* Begin PBXGroup section */
		16E84A631E55A959002B4245 = {
			isa = PBXGroup;
			children = (
				16E84A6E1E55A959002B4245 /* Feedback */,
				16E84A831E55A959002B4245 /* FeedbackTests */,
				16E84A8E1E55A959002B4245 /* FeedbackUITests */,
				16E84A6D1E55A959002B4245 /* Products */,
				AC6EE2EB7AD5D98C04D995D2 /* Pods */,
				FBE040D639DC5A6ABB19026D /* Frameworks */,
			);
			sourceTree = "<group>";
		};
		16E84A6D1E55A959002B4245 /* Products */ = {
			isa = PBXGroup;
			children = (
				16E84A6C1E55A959002B4245 /* Feedback.app */,
				16E84A801E55A959002B4245 /* FeedbackTests.xctest */,
				16E84A8B1E55A959002B4245 /* FeedbackUITests.xctest */,
			);
			name = Products;
			sourceTree = "<group>";
		};
		16E84A6E1E55A959002B4245 /* Feedback */ = {
			isa = PBXGroup;
			children = (
				5B5279031E5D8155001CB322 /* AppDelegate.swift */,
				5B5279001E5D7D55001CB322 /* ViewModel */,
				16E84AB61E55E039002B4245 /* Model */,
				16E84AAC1E55DA13002B4245 /* View */,
				16E84AA81E55D573002B4245 /* Resources */,
				16E84A731E55A959002B4245 /* Main.storyboard */,
				16E84A781E55A959002B4245 /* LaunchScreen.storyboard */,
				16E84A7B1E55A959002B4245 /* Info.plist */,
				1675B2741E5C80290049A719 /* Feedback-Bridging-Header.h */,
			);
			path = Feedback;
			sourceTree = "<group>";
		};
		16E84A831E55A959002B4245 /* FeedbackTests */ = {
			isa = PBXGroup;
			children = (
				5B0A036A1E66CF0100B429EA /* GeneratedMocks.swift */,
				16E84A861E55A959002B4245 /* Info.plist */,
				7BF550AA1E571AD300E8AB63 /* FeedbackViewTests.swift */,
				7BC17AB51E5D551100804961 /* ItemModelTest.swift */,
				7BA5FA341E5DA621002E52E1 /* FeedbackViewModelTest.swift */,
			);
			path = FeedbackTests;
			sourceTree = "<group>";
		};
		16E84A8E1E55A959002B4245 /* FeedbackUITests */ = {
			isa = PBXGroup;
			children = (
				4CCA64591E66F90F0011C8BC /* MonkeyTests */,
				4CCA644E1E66C68D0011C8BC /* Tests */,
				4CCA644D1E66C66E0011C8BC /* Pages */,
				16E84A911E55A959002B4245 /* Info.plist */,
			);
			path = FeedbackUITests;
			sourceTree = "<group>";
		};
		16E84AA81E55D573002B4245 /* Resources */ = {
			isa = PBXGroup;
			children = (
				5B5279051E5EB8DC001CB322 /* feedback.jpeg */,
				45D34EFB1E5AEE9300E3D762 /* splash.png */,
				16E84A761E55A959002B4245 /* Assets.xcassets */,
			);
			name = Resources;
			sourceTree = "<group>";
		};
		16E84AAC1E55DA13002B4245 /* View */ = {
			isa = PBXGroup;
			children = (
				16E84A711E55A959002B4245 /* FeedbackView.swift */,
				5B0A036D1E67416400B429EA /* CaptureFeedbackViewController.swift */,
				5BB5859C1E5C299000C0404B /* ItemCellView.swift */,
				45B7D8A11E5DA9FA00E42170 /* AllFeedbackView.swift */,
			);
			name = View;
			sourceTree = "<group>";
		};
		16E84AB61E55E039002B4245 /* Model */ = {
			isa = PBXGroup;
			children = (
				7BC17AB31E5C462D00804961 /* ItemModel.swift */,
			);
			name = Model;
			sourceTree = "<group>";
		};
		4CCA644D1E66C66E0011C8BC /* Pages */ = {
			isa = PBXGroup;
			children = (
				4CCA64551E66D4510011C8BC /* FeedbackPage.swift */,
				4CCA645C1E6722EB0011C8BC /* BasePage.swift */,
			);
			name = Pages;
			sourceTree = "<group>";
		};
		4CCA644E1E66C68D0011C8BC /* Tests */ = {
			isa = PBXGroup;
			children = (
				4CCA64511E66CB9C0011C8BC /* BaseTest.swift */,
				4CCA64571E66E17D0011C8BC /* TestUtils.swift */,
				16E84A8F1E55A959002B4245 /* FeedbackUITests.swift */,
			);
			name = Tests;
			sourceTree = "<group>";
		};
		4CCA64591E66F90F0011C8BC /* MonkeyTests */ = {
			isa = PBXGroup;
			children = (
				4CCA645A1E66F92B0011C8BC /* MonkeyTests.swift */,
			);
			name = MonkeyTests;
			sourceTree = "<group>";
		};
		5B5279001E5D7D55001CB322 /* ViewModel */ = {
			isa = PBXGroup;
			children = (
				5B5279011E5D7DDD001CB322 /* FeedbackViewModel.swift */,
			);
			name = ViewModel;
			sourceTree = "<group>";
		};
		AC6EE2EB7AD5D98C04D995D2 /* Pods */ = {
			isa = PBXGroup;
			children = (
				0412395612C50240083B821E /* Pods-Feedback.debug.xcconfig */,
				D01C1F3E3AD25BA4DECC6D6D /* Pods-Feedback.release.xcconfig */,
				EF102FF3125794889ED2B470 /* Pods-FeedbackTests.debug.xcconfig */,
				ED16DA9244163D0CEAD3840D /* Pods-FeedbackTests.release.xcconfig */,
				CFE83B12C277316211C36723 /* Pods-FeedbackUITests.debug.xcconfig */,
				6F9ED2F1A24CC826157FD5FF /* Pods-FeedbackUITests.release.xcconfig */,
			);
			name = Pods;
			sourceTree = "<group>";
		};
		FBE040D639DC5A6ABB19026D /* Frameworks */ = {
			isa = PBXGroup;
			children = (
				1675B2771E5C81C70049A719 /* MGSwipeTableCell.framework */,
				BD774F236DC3731CD3E98C8D /* Pods_Feedback.framework */,
				B3587EB057F8677CEEE0700A /* Pods_FeedbackTests.framework */,
				A2F11E41DA53ABCEFCD63849 /* Pods_FeedbackUITests.framework */,
			);
			name = Frameworks;
			sourceTree = "<group>";
		};
/* End PBXGroup section */

/* Begin PBXNativeTarget section */
		16E84A6B1E55A959002B4245 /* Feedback */ = {
			isa = PBXNativeTarget;
			buildConfigurationList = 16E84A941E55A959002B4245 /* Build configuration list for PBXNativeTarget "Feedback" */;
			buildPhases = (
				685EF00F650EAD2067A67800 /* [CP] Check Pods Manifest.lock */,
				16E84A681E55A959002B4245 /* Sources */,
				16E84A691E55A959002B4245 /* Frameworks */,
				16E84A6A1E55A959002B4245 /* Resources */,
				3D7B28AC7B3DB06ACA089783 /* [CP] Embed Pods Frameworks */,
				63729699222B597CCB03032E /* [CP] Copy Pods Resources */,
			);
			buildRules = (
			);
			dependencies = (
			);
			name = Feedback;
			productName = Feedback;
			productReference = 16E84A6C1E55A959002B4245 /* Feedback.app */;
			productType = "com.apple.product-type.application";
		};
		16E84A7F1E55A959002B4245 /* FeedbackTests */ = {
			isa = PBXNativeTarget;
			buildConfigurationList = 16E84A971E55A959002B4245 /* Build configuration list for PBXNativeTarget "FeedbackTests" */;
			buildPhases = (
				C7778732D675BA298DB00C9A /* [CP] Check Pods Manifest.lock */,
				16E84A7C1E55A959002B4245 /* Sources */,
				16E84A7D1E55A959002B4245 /* Frameworks */,
				16E84A7E1E55A959002B4245 /* Resources */,
				B0090917C502F5E452D52002 /* [CP] Embed Pods Frameworks */,
				CB8F4BF87A9A66B2E65FE9A3 /* [CP] Copy Pods Resources */,
			);
			buildRules = (
			);
			dependencies = (
				16E84A821E55A959002B4245 /* PBXTargetDependency */,
			);
			name = FeedbackTests;
			productName = FeedbackTests;
			productReference = 16E84A801E55A959002B4245 /* FeedbackTests.xctest */;
			productType = "com.apple.product-type.bundle.unit-test";
		};
		16E84A8A1E55A959002B4245 /* FeedbackUITests */ = {
			isa = PBXNativeTarget;
			buildConfigurationList = 16E84A9A1E55A959002B4245 /* Build configuration list for PBXNativeTarget "FeedbackUITests" */;
			buildPhases = (
				B9D98B2808AB141CCDC51FF4 /* [CP] Check Pods Manifest.lock */,
				16E84A871E55A959002B4245 /* Sources */,
				16E84A881E55A959002B4245 /* Frameworks */,
				16E84A891E55A959002B4245 /* Resources */,
				DD24BE1CB337E732C40B23AF /* [CP] Embed Pods Frameworks */,
				E3822F5B05B7158F9FED942D /* [CP] Copy Pods Resources */,
			);
			buildRules = (
			);
			dependencies = (
				16E84A8D1E55A959002B4245 /* PBXTargetDependency */,
			);
			name = FeedbackUITests;
			productName = FeedbackUITests;
			productReference = 16E84A8B1E55A959002B4245 /* FeedbackUITests.xctest */;
			productType = "com.apple.product-type.bundle.ui-testing";
		};
/* End PBXNativeTarget section */

/* Begin PBXProject section */
		16E84A641E55A959002B4245 /* Project object */ = {
			isa = PBXProject;
			attributes = {
				LastSwiftUpdateCheck = 0820;
				LastUpgradeCheck = 0820;
				ORGANIZATIONNAME = Thoughtworks;
				TargetAttributes = {
					16E84A6B1E55A959002B4245 = {
						CreatedOnToolsVersion = 8.2.1;
						LastSwiftMigration = 0820;
						ProvisioningStyle = Automatic;
					};
					16E84A7F1E55A959002B4245 = {
						CreatedOnToolsVersion = 8.2.1;
						ProvisioningStyle = Automatic;
						TestTargetID = 16E84A6B1E55A959002B4245;
					};
					16E84A8A1E55A959002B4245 = {
						CreatedOnToolsVersion = 8.2.1;
						ProvisioningStyle = Automatic;
						TestTargetID = 16E84A6B1E55A959002B4245;
					};
				};
			};
			buildConfigurationList = 16E84A671E55A959002B4245 /* Build configuration list for PBXProject "Feedback" */;
			compatibilityVersion = "Xcode 3.2";
			developmentRegion = English;
			hasScannedForEncodings = 0;
			knownRegions = (
				en,
				Base,
			);
			mainGroup = 16E84A631E55A959002B4245;
			productRefGroup = 16E84A6D1E55A959002B4245 /* Products */;
			projectDirPath = "";
			projectRoot = "";
			targets = (
				16E84A6B1E55A959002B4245 /* Feedback */,
				16E84A7F1E55A959002B4245 /* FeedbackTests */,
				16E84A8A1E55A959002B4245 /* FeedbackUITests */,
			);
		};
/* End PBXProject section */

/* Begin PBXResourcesBuildPhase section */
		16E84A6A1E55A959002B4245 /* Resources */ = {
			isa = PBXResourcesBuildPhase;
			buildActionMask = 2147483647;
			files = (
				45D34EFC1E5AEE9300E3D762 /* splash.png in Resources */,
				5B5279061E5EB8DC001CB322 /* feedback.jpeg in Resources */,
				16E84A7A1E55A959002B4245 /* LaunchScreen.storyboard in Resources */,
				16E84A771E55A959002B4245 /* Assets.xcassets in Resources */,
				16E84A751E55A959002B4245 /* Main.storyboard in Resources */,
			);
			runOnlyForDeploymentPostprocessing = 0;
		};
		16E84A7E1E55A959002B4245 /* Resources */ = {
			isa = PBXResourcesBuildPhase;
			buildActionMask = 2147483647;
			files = (
			);
			runOnlyForDeploymentPostprocessing = 0;
		};
		16E84A891E55A959002B4245 /* Resources */ = {
			isa = PBXResourcesBuildPhase;
			buildActionMask = 2147483647;
			files = (
			);
			runOnlyForDeploymentPostprocessing = 0;
		};
/* End PBXResourcesBuildPhase section */

/* Begin PBXShellScriptBuildPhase section */
		3D7B28AC7B3DB06ACA089783 /* [CP] Embed Pods Frameworks */ = {
			isa = PBXShellScriptBuildPhase;
			buildActionMask = 2147483647;
			files = (
			);
			inputPaths = (
			);
			name = "[CP] Embed Pods Frameworks";
			outputPaths = (
			);
			runOnlyForDeploymentPostprocessing = 0;
			shellPath = /bin/sh;
			shellScript = "\"${SRCROOT}/Pods/Target Support Files/Pods-Feedback/Pods-Feedback-frameworks.sh\"\n";
			showEnvVarsInLog = 0;
		};
		63729699222B597CCB03032E /* [CP] Copy Pods Resources */ = {
			isa = PBXShellScriptBuildPhase;
			buildActionMask = 2147483647;
			files = (
			);
			inputPaths = (
			);
			name = "[CP] Copy Pods Resources";
			outputPaths = (
			);
			runOnlyForDeploymentPostprocessing = 0;
			shellPath = /bin/sh;
			shellScript = "\"${SRCROOT}/Pods/Target Support Files/Pods-Feedback/Pods-Feedback-resources.sh\"\n";
			showEnvVarsInLog = 0;
		};
		685EF00F650EAD2067A67800 /* [CP] Check Pods Manifest.lock */ = {
			isa = PBXShellScriptBuildPhase;
			buildActionMask = 2147483647;
			files = (
			);
			inputPaths = (
			);
			name = "[CP] Check Pods Manifest.lock";
			outputPaths = (
			);
			runOnlyForDeploymentPostprocessing = 0;
			shellPath = /bin/sh;
			shellScript = "diff \"${PODS_ROOT}/../Podfile.lock\" \"${PODS_ROOT}/Manifest.lock\" > /dev/null\nif [ $? != 0 ] ; then\n    # print error to STDERR\n    echo \"error: The sandbox is not in sync with the Podfile.lock. Run 'pod install' or update your CocoaPods installation.\" >&2\n    exit 1\nfi\n";
			showEnvVarsInLog = 0;
		};
		B0090917C502F5E452D52002 /* [CP] Embed Pods Frameworks */ = {
			isa = PBXShellScriptBuildPhase;
			buildActionMask = 2147483647;
			files = (
			);
			inputPaths = (
			);
			name = "[CP] Embed Pods Frameworks";
			outputPaths = (
			);
			runOnlyForDeploymentPostprocessing = 0;
			shellPath = /bin/sh;
			shellScript = "\"${SRCROOT}/Pods/Target Support Files/Pods-FeedbackTests/Pods-FeedbackTests-frameworks.sh\"\n";
			showEnvVarsInLog = 0;
		};
		B9D98B2808AB141CCDC51FF4 /* [CP] Check Pods Manifest.lock */ = {
			isa = PBXShellScriptBuildPhase;
			buildActionMask = 2147483647;
			files = (
			);
			inputPaths = (
			);
			name = "[CP] Check Pods Manifest.lock";
			outputPaths = (
			);
			runOnlyForDeploymentPostprocessing = 0;
			shellPath = /bin/sh;
			shellScript = "diff \"${PODS_ROOT}/../Podfile.lock\" \"${PODS_ROOT}/Manifest.lock\" > /dev/null\nif [ $? != 0 ] ; then\n    # print error to STDERR\n    echo \"error: The sandbox is not in sync with the Podfile.lock. Run 'pod install' or update your CocoaPods installation.\" >&2\n    exit 1\nfi\n";
			showEnvVarsInLog = 0;
		};
		C7778732D675BA298DB00C9A /* [CP] Check Pods Manifest.lock */ = {
			isa = PBXShellScriptBuildPhase;
			buildActionMask = 2147483647;
			files = (
			);
			inputPaths = (
			);
			name = "[CP] Check Pods Manifest.lock";
			outputPaths = (
			);
			runOnlyForDeploymentPostprocessing = 0;
			shellPath = /bin/sh;
			shellScript = "diff \"${PODS_ROOT}/../Podfile.lock\" \"${PODS_ROOT}/Manifest.lock\" > /dev/null\nif [ $? != 0 ] ; then\n    # print error to STDERR\n    echo \"error: The sandbox is not in sync with the Podfile.lock. Run 'pod install' or update your CocoaPods installation.\" >&2\n    exit 1\nfi\n";
			showEnvVarsInLog = 0;
		};
		CB8F4BF87A9A66B2E65FE9A3 /* [CP] Copy Pods Resources */ = {
			isa = PBXShellScriptBuildPhase;
			buildActionMask = 2147483647;
			files = (
			);
			inputPaths = (
			);
			name = "[CP] Copy Pods Resources";
			outputPaths = (
			);
			runOnlyForDeploymentPostprocessing = 0;
			shellPath = /bin/sh;
			shellScript = "\"${SRCROOT}/Pods/Target Support Files/Pods-FeedbackTests/Pods-FeedbackTests-resources.sh\"\n";
			showEnvVarsInLog = 0;
		};
		DD24BE1CB337E732C40B23AF /* [CP] Embed Pods Frameworks */ = {
			isa = PBXShellScriptBuildPhase;
			buildActionMask = 2147483647;
			files = (
			);
			inputPaths = (
			);
			name = "[CP] Embed Pods Frameworks";
			outputPaths = (
			);
			runOnlyForDeploymentPostprocessing = 0;
			shellPath = /bin/sh;
			shellScript = "\"${SRCROOT}/Pods/Target Support Files/Pods-FeedbackUITests/Pods-FeedbackUITests-frameworks.sh\"\n";
			showEnvVarsInLog = 0;
		};
		E3822F5B05B7158F9FED942D /* [CP] Copy Pods Resources */ = {
			isa = PBXShellScriptBuildPhase;
			buildActionMask = 2147483647;
			files = (
			);
			inputPaths = (
			);
			name = "[CP] Copy Pods Resources";
			outputPaths = (
			);
			runOnlyForDeploymentPostprocessing = 0;
			shellPath = /bin/sh;
			shellScript = "\"${SRCROOT}/Pods/Target Support Files/Pods-FeedbackUITests/Pods-FeedbackUITests-resources.sh\"\n";
			showEnvVarsInLog = 0;
		};
/* End PBXShellScriptBuildPhase section */

/* Begin PBXSourcesBuildPhase section */
		16E84A681E55A959002B4245 /* Sources */ = {
			isa = PBXSourcesBuildPhase;
			buildActionMask = 2147483647;
			files = (
				5B5279041E5D8155001CB322 /* AppDelegate.swift in Sources */,
				7BC17AB41E5C462D00804961 /* ItemModel.swift in Sources */,
				45B7D8A21E5DA9FA00E42170 /* AllFeedbackView.swift in Sources */,
				5BB5859D1E5C299000C0404B /* ItemCellView.swift in Sources */,
				5B5279021E5D7DDD001CB322 /* FeedbackViewModel.swift in Sources */,
				5B0A036E1E67416400B429EA /* CaptureFeedbackViewController.swift in Sources */,
				16E84A721E55A959002B4245 /* FeedbackView.swift in Sources */,
			);
			runOnlyForDeploymentPostprocessing = 0;
		};
		16E84A7C1E55A959002B4245 /* Sources */ = {
			isa = PBXSourcesBuildPhase;
			buildActionMask = 2147483647;
			files = (
				7BC17AB61E5D551100804961 /* ItemModelTest.swift in Sources */,
				7BF550AB1E571AD300E8AB63 /* FeedbackViewTests.swift in Sources */,
				7BA5FA351E5DA621002E52E1 /* FeedbackViewModelTest.swift in Sources */,
				5B0A036B1E66CF0100B429EA /* GeneratedMocks.swift in Sources */,
			);
			runOnlyForDeploymentPostprocessing = 0;
		};
		16E84A871E55A959002B4245 /* Sources */ = {
			isa = PBXSourcesBuildPhase;
			buildActionMask = 2147483647;
			files = (
				16E84A901E55A959002B4245 /* FeedbackUITests.swift in Sources */,
				4CCA645D1E6722EB0011C8BC /* BasePage.swift in Sources */,
				4CCA64521E66CB9C0011C8BC /* BaseTest.swift in Sources */,
				4CCA645B1E66F92B0011C8BC /* MonkeyTests.swift in Sources */,
				4CCA64581E66E17D0011C8BC /* TestUtils.swift in Sources */,
				4CCA64561E66D4510011C8BC /* FeedbackPage.swift in Sources */,
			);
			runOnlyForDeploymentPostprocessing = 0;
		};
/* End PBXSourcesBuildPhase section */

/* Begin PBXTargetDependency section */
		16E84A821E55A959002B4245 /* PBXTargetDependency */ = {
			isa = PBXTargetDependency;
			target = 16E84A6B1E55A959002B4245 /* Feedback */;
			targetProxy = 16E84A811E55A959002B4245 /* PBXContainerItemProxy */;
		};
		16E84A8D1E55A959002B4245 /* PBXTargetDependency */ = {
			isa = PBXTargetDependency;
			target = 16E84A6B1E55A959002B4245 /* Feedback */;
			targetProxy = 16E84A8C1E55A959002B4245 /* PBXContainerItemProxy */;
		};
/* End PBXTargetDependency section */

/* Begin PBXVariantGroup section */
		16E84A731E55A959002B4245 /* Main.storyboard */ = {
			isa = PBXVariantGroup;
			children = (
				16E84A741E55A959002B4245 /* Base */,
			);
			name = Main.storyboard;
			sourceTree = "<group>";
		};
		16E84A781E55A959002B4245 /* LaunchScreen.storyboard */ = {
			isa = PBXVariantGroup;
			children = (
				16E84A791E55A959002B4245 /* Base */,
			);
			name = LaunchScreen.storyboard;
			sourceTree = "<group>";
		};
/* End PBXVariantGroup section */

/* Begin XCBuildConfiguration section */
		16E84A921E55A959002B4245 /* Debug */ = {
			isa = XCBuildConfiguration;
			buildSettings = {
				ALWAYS_SEARCH_USER_PATHS = NO;
				CLANG_ANALYZER_NONNULL = YES;
				CLANG_CXX_LANGUAGE_STANDARD = "gnu++0x";
				CLANG_CXX_LIBRARY = "libc++";
				CLANG_ENABLE_MODULES = YES;
				CLANG_ENABLE_OBJC_ARC = YES;
				CLANG_WARN_BOOL_CONVERSION = YES;
				CLANG_WARN_CONSTANT_CONVERSION = YES;
				CLANG_WARN_DIRECT_OBJC_ISA_USAGE = YES_ERROR;
				CLANG_WARN_DOCUMENTATION_COMMENTS = YES;
				CLANG_WARN_EMPTY_BODY = YES;
				CLANG_WARN_ENUM_CONVERSION = YES;
				CLANG_WARN_INFINITE_RECURSION = YES;
				CLANG_WARN_INT_CONVERSION = YES;
				CLANG_WARN_OBJC_ROOT_CLASS = YES_ERROR;
				CLANG_WARN_SUSPICIOUS_MOVE = YES;
				CLANG_WARN_UNREACHABLE_CODE = YES;
				CLANG_WARN__DUPLICATE_METHOD_MATCH = YES;
				"CODE_SIGN_IDENTITY[sdk=iphoneos*]" = "iPhone Developer";
				COPY_PHASE_STRIP = NO;
				DEBUG_INFORMATION_FORMAT = dwarf;
				ENABLE_STRICT_OBJC_MSGSEND = YES;
				ENABLE_TESTABILITY = YES;
				GCC_C_LANGUAGE_STANDARD = gnu99;
				GCC_DYNAMIC_NO_PIC = NO;
				GCC_NO_COMMON_BLOCKS = YES;
				GCC_OPTIMIZATION_LEVEL = 0;
				GCC_PREPROCESSOR_DEFINITIONS = (
					"DEBUG=1",
					"$(inherited)",
				);
				GCC_WARN_64_TO_32_BIT_CONVERSION = YES;
				GCC_WARN_ABOUT_RETURN_TYPE = YES_ERROR;
				GCC_WARN_UNDECLARED_SELECTOR = YES;
				GCC_WARN_UNINITIALIZED_AUTOS = YES_AGGRESSIVE;
				GCC_WARN_UNUSED_FUNCTION = YES;
				GCC_WARN_UNUSED_VARIABLE = YES;
				IPHONEOS_DEPLOYMENT_TARGET = 10.2;
				MTL_ENABLE_DEBUG_INFO = YES;
				ONLY_ACTIVE_ARCH = YES;
				SDKROOT = iphoneos;
				SWIFT_ACTIVE_COMPILATION_CONDITIONS = DEBUG;
				SWIFT_OPTIMIZATION_LEVEL = "-Onone";
				TARGETED_DEVICE_FAMILY = "1,2";
			};
			name = Debug;
		};
		16E84A931E55A959002B4245 /* Release */ = {
			isa = XCBuildConfiguration;
			buildSettings = {
				ALWAYS_SEARCH_USER_PATHS = NO;
				CLANG_ANALYZER_NONNULL = YES;
				CLANG_CXX_LANGUAGE_STANDARD = "gnu++0x";
				CLANG_CXX_LIBRARY = "libc++";
				CLANG_ENABLE_MODULES = YES;
				CLANG_ENABLE_OBJC_ARC = YES;
				CLANG_WARN_BOOL_CONVERSION = YES;
				CLANG_WARN_CONSTANT_CONVERSION = YES;
				CLANG_WARN_DIRECT_OBJC_ISA_USAGE = YES_ERROR;
				CLANG_WARN_DOCUMENTATION_COMMENTS = YES;
				CLANG_WARN_EMPTY_BODY = YES;
				CLANG_WARN_ENUM_CONVERSION = YES;
				CLANG_WARN_INFINITE_RECURSION = YES;
				CLANG_WARN_INT_CONVERSION = YES;
				CLANG_WARN_OBJC_ROOT_CLASS = YES_ERROR;
				CLANG_WARN_SUSPICIOUS_MOVE = YES;
				CLANG_WARN_UNREACHABLE_CODE = YES;
				CLANG_WARN__DUPLICATE_METHOD_MATCH = YES;
				"CODE_SIGN_IDENTITY[sdk=iphoneos*]" = "iPhone Developer";
				COPY_PHASE_STRIP = NO;
				DEBUG_INFORMATION_FORMAT = "dwarf-with-dsym";
				ENABLE_NS_ASSERTIONS = NO;
				ENABLE_STRICT_OBJC_MSGSEND = YES;
				GCC_C_LANGUAGE_STANDARD = gnu99;
				GCC_NO_COMMON_BLOCKS = YES;
				GCC_WARN_64_TO_32_BIT_CONVERSION = YES;
				GCC_WARN_ABOUT_RETURN_TYPE = YES_ERROR;
				GCC_WARN_UNDECLARED_SELECTOR = YES;
				GCC_WARN_UNINITIALIZED_AUTOS = YES_AGGRESSIVE;
				GCC_WARN_UNUSED_FUNCTION = YES;
				GCC_WARN_UNUSED_VARIABLE = YES;
				IPHONEOS_DEPLOYMENT_TARGET = 10.2;
				MTL_ENABLE_DEBUG_INFO = NO;
				SDKROOT = iphoneos;
				SWIFT_OPTIMIZATION_LEVEL = "-Owholemodule";
				TARGETED_DEVICE_FAMILY = "1,2";
				VALIDATE_PRODUCT = YES;
			};
			name = Release;
		};
		16E84A951E55A959002B4245 /* Debug */ = {
			isa = XCBuildConfiguration;
			baseConfigurationReference = 0412395612C50240083B821E /* Pods-Feedback.debug.xcconfig */;
			buildSettings = {
				ASSETCATALOG_COMPILER_APPICON_NAME = AppIcon;
				CLANG_ENABLE_MODULES = YES;
				INFOPLIST_FILE = Feedback/Info.plist;
				LD_RUNPATH_SEARCH_PATHS = "$(inherited) @executable_path/Frameworks";
				PRODUCT_BUNDLE_IDENTIFIER = com.tw.core.Feedback;
				PRODUCT_NAME = "$(TARGET_NAME)";
				PUBLIC_HEADERS_FOLDER_PATH = "$(CONTENTS_FOLDER_PATH)/Feedback-Bridging-Header.h";
				SWIFT_OBJC_BRIDGING_HEADER = "Feedback/Feedback-Bridging-Header.h";
				SWIFT_OPTIMIZATION_LEVEL = "-Onone";
				SWIFT_VERSION = 3.0;
			};
			name = Debug;
		};
		16E84A961E55A959002B4245 /* Release */ = {
			isa = XCBuildConfiguration;
			baseConfigurationReference = D01C1F3E3AD25BA4DECC6D6D /* Pods-Feedback.release.xcconfig */;
			buildSettings = {
				ASSETCATALOG_COMPILER_APPICON_NAME = AppIcon;
				CLANG_ENABLE_MODULES = YES;
				INFOPLIST_FILE = Feedback/Info.plist;
				LD_RUNPATH_SEARCH_PATHS = "$(inherited) @executable_path/Frameworks";
				PRODUCT_BUNDLE_IDENTIFIER = com.tw.core.Feedback;
				PRODUCT_NAME = "$(TARGET_NAME)";
				SWIFT_OBJC_BRIDGING_HEADER = "Feedback/Feedback-Bridging-Header.h";
				SWIFT_VERSION = 3.0;
			};
			name = Release;
		};
		16E84A981E55A959002B4245 /* Debug */ = {
			isa = XCBuildConfiguration;
			baseConfigurationReference = EF102FF3125794889ED2B470 /* Pods-FeedbackTests.debug.xcconfig */;
			buildSettings = {
				ALWAYS_EMBED_SWIFT_STANDARD_LIBRARIES = "$(inherited)";
				BUNDLE_LOADER = "$(TEST_HOST)";
				INFOPLIST_FILE = FeedbackTests/Info.plist;
				LD_RUNPATH_SEARCH_PATHS = "$(inherited) @executable_path/Frameworks @loader_path/Frameworks";
				PRODUCT_BUNDLE_IDENTIFIER = com.tw.core.FeedbackTests;
				PRODUCT_NAME = "$(TARGET_NAME)";
				SWIFT_VERSION = 3.0;
				TEST_HOST = "$(BUILT_PRODUCTS_DIR)/Feedback.app/Feedback";
			};
			name = Debug;
		};
		16E84A991E55A959002B4245 /* Release */ = {
			isa = XCBuildConfiguration;
			baseConfigurationReference = ED16DA9244163D0CEAD3840D /* Pods-FeedbackTests.release.xcconfig */;
			buildSettings = {
				ALWAYS_EMBED_SWIFT_STANDARD_LIBRARIES = "$(inherited)";
				BUNDLE_LOADER = "$(TEST_HOST)";
				INFOPLIST_FILE = FeedbackTests/Info.plist;
				LD_RUNPATH_SEARCH_PATHS = "$(inherited) @executable_path/Frameworks @loader_path/Frameworks";
				PRODUCT_BUNDLE_IDENTIFIER = com.tw.core.FeedbackTests;
				PRODUCT_NAME = "$(TARGET_NAME)";
				SWIFT_VERSION = 3.0;
				TEST_HOST = "$(BUILT_PRODUCTS_DIR)/Feedback.app/Feedback";
			};
			name = Release;
		};
		16E84A9B1E55A959002B4245 /* Debug */ = {
			isa = XCBuildConfiguration;
			baseConfigurationReference = CFE83B12C277316211C36723 /* Pods-FeedbackUITests.debug.xcconfig */;
			buildSettings = {
				ALWAYS_EMBED_SWIFT_STANDARD_LIBRARIES = YES;
				INFOPLIST_FILE = FeedbackUITests/Info.plist;
				LD_RUNPATH_SEARCH_PATHS = "$(inherited) @executable_path/Frameworks @loader_path/Frameworks";
				PRODUCT_BUNDLE_IDENTIFIER = com.tw.core.FeedbackUITests;
				PRODUCT_NAME = "$(TARGET_NAME)";
				SWIFT_VERSION = 3.0;
				TEST_TARGET_NAME = Feedback;
			};
			name = Debug;
		};
		16E84A9C1E55A959002B4245 /* Release */ = {
			isa = XCBuildConfiguration;
			baseConfigurationReference = 6F9ED2F1A24CC826157FD5FF /* Pods-FeedbackUITests.release.xcconfig */;
			buildSettings = {
				ALWAYS_EMBED_SWIFT_STANDARD_LIBRARIES = YES;
				INFOPLIST_FILE = FeedbackUITests/Info.plist;
				LD_RUNPATH_SEARCH_PATHS = "$(inherited) @executable_path/Frameworks @loader_path/Frameworks";
				PRODUCT_BUNDLE_IDENTIFIER = com.tw.core.FeedbackUITests;
				PRODUCT_NAME = "$(TARGET_NAME)";
				SWIFT_VERSION = 3.0;
				TEST_TARGET_NAME = Feedback;
			};
			name = Release;
		};
/* End XCBuildConfiguration section */

/* Begin XCConfigurationList section */
		16E84A671E55A959002B4245 /* Build configuration list for PBXProject "Feedback" */ = {
			isa = XCConfigurationList;
			buildConfigurations = (
				16E84A921E55A959002B4245 /* Debug */,
				16E84A931E55A959002B4245 /* Release */,
			);
			defaultConfigurationIsVisible = 0;
			defaultConfigurationName = Release;
		};
		16E84A941E55A959002B4245 /* Build configuration list for PBXNativeTarget "Feedback" */ = {
			isa = XCConfigurationList;
			buildConfigurations = (
				16E84A951E55A959002B4245 /* Debug */,
				16E84A961E55A959002B4245 /* Release */,
			);
			defaultConfigurationIsVisible = 0;
			defaultConfigurationName = Release;
		};
		16E84A971E55A959002B4245 /* Build configuration list for PBXNativeTarget "FeedbackTests" */ = {
			isa = XCConfigurationList;
			buildConfigurations = (
				16E84A981E55A959002B4245 /* Debug */,
				16E84A991E55A959002B4245 /* Release */,
			);
			defaultConfigurationIsVisible = 0;
			defaultConfigurationName = Release;
		};
		16E84A9A1E55A959002B4245 /* Build configuration list for PBXNativeTarget "FeedbackUITests" */ = {
			isa = XCConfigurationList;
			buildConfigurations = (
				16E84A9B1E55A959002B4245 /* Debug */,
				16E84A9C1E55A959002B4245 /* Release */,
			);
			defaultConfigurationIsVisible = 0;
			defaultConfigurationName = Release;
		};
/* End XCConfigurationList section */
	};
	rootObject = 16E84A641E55A959002B4245 /* Project object */;
}
